// !$*UTF8*$!
{
	archiveVersion = 1;
	classes = {
	};
	objectVersion = 50;
	objects = {

/* Begin PBXBuildFile section */
		4D01B92F2500348D00197F7D /* Country.swift in Sources */ = {isa = PBXBuildFile; fileRef = 4D01B92E2500348D00197F7D /* Country.swift */; };
		4D01B931250036F500197F7D /* CountryList.json in Resources */ = {isa = PBXBuildFile; fileRef = 4D01B930250036F500197F7D /* CountryList.json */; };
		4D01B9332500398500197F7D /* AppRouter.swift in Sources */ = {isa = PBXBuildFile; fileRef = 4D01B9322500398500197F7D /* AppRouter.swift */; };
		4D01B93625003AAD00197F7D /* Main.storyboard in Resources */ = {isa = PBXBuildFile; fileRef = 4D01B93425003AAD00197F7D /* Main.storyboard */; };
		4D01B93A2500F67B00197F7D /* Store.swift in Sources */ = {isa = PBXBuildFile; fileRef = 4D01B9392500F67B00197F7D /* Store.swift */; };
		4D01B93D2500F8F300197F7D /* KeyValueLocalStorage.swift in Sources */ = {isa = PBXBuildFile; fileRef = 4D01B93C2500F8F300197F7D /* KeyValueLocalStorage.swift */; };
		4D01B93F2500F91E00197F7D /* CoreDataStorage.swift in Sources */ = {isa = PBXBuildFile; fileRef = 4D01B93E2500F91E00197F7D /* CoreDataStorage.swift */; };
		4D01B9412500FB4E00197F7D /* KeychainStorage.swift in Sources */ = {isa = PBXBuildFile; fileRef = 4D01B9402500FB4E00197F7D /* KeychainStorage.swift */; };
		4D01B9452500FF6800197F7D /* NSUserDefaultsStorage.swift in Sources */ = {isa = PBXBuildFile; fileRef = 4D01B9442500FF6800197F7D /* NSUserDefaultsStorage.swift */; };
		4D01B94825011ED600197F7D /* DataExtensions.swift in Sources */ = {isa = PBXBuildFile; fileRef = 4D01B94725011ED600197F7D /* DataExtensions.swift */; };
		4D01B94C2501863D00197F7D /* AppKey.swift in Sources */ = {isa = PBXBuildFile; fileRef = 4D01B94B2501863D00197F7D /* AppKey.swift */; };
		4D01B95825027C2F00197F7D /* DBLocalStorage.swift in Sources */ = {isa = PBXBuildFile; fileRef = 4D01B95725027C2F00197F7D /* DBLocalStorage.swift */; };
		4D01B95C2502854F00197F7D /* Device.framework in Frameworks */ = {isa = PBXBuildFile; fileRef = 4D01B95B2502854F00197F7D /* Device.framework */; };
		4D01B95D2502854F00197F7D /* Device.framework in Embed Frameworks */ = {isa = PBXBuildFile; fileRef = 4D01B95B2502854F00197F7D /* Device.framework */; settings = {ATTRIBUTES = (CodeSignOnCopy, RemoveHeadersOnCopy, ); }; };
		4D01B95F2502875900197F7D /* DeviceInfoViewController.swift in Sources */ = {isa = PBXBuildFile; fileRef = 4D01B95E2502875900197F7D /* DeviceInfoViewController.swift */; };
		4D01B962250287AF00197F7D /* DeviceInfoPresenter.swift in Sources */ = {isa = PBXBuildFile; fileRef = 4D01B961250287AF00197F7D /* DeviceInfoPresenter.swift */; };
		4D01B964250287BF00197F7D /* DeviceInfoInteractor.swift in Sources */ = {isa = PBXBuildFile; fileRef = 4D01B963250287BF00197F7D /* DeviceInfoInteractor.swift */; };
		4D01B9662502883200197F7D /* HomeRouter.swift in Sources */ = {isa = PBXBuildFile; fileRef = 4D01B9652502883200197F7D /* HomeRouter.swift */; };
		4D01B9692502886300197F7D /* DeviceInfoRouter.swift in Sources */ = {isa = PBXBuildFile; fileRef = 4D01B9682502886300197F7D /* DeviceInfoRouter.swift */; };
		4D01B96B250288B800197F7D /* HomeViewController.swift in Sources */ = {isa = PBXBuildFile; fileRef = 4D01B96A250288B800197F7D /* HomeViewController.swift */; };
		4D01B96D2502893100197F7D /* HomePresenter.swift in Sources */ = {isa = PBXBuildFile; fileRef = 4D01B96C2502893100197F7D /* HomePresenter.swift */; };
		4D01B973250386F000197F7D /* AuthenticationRouter.swift in Sources */ = {isa = PBXBuildFile; fileRef = 4D01B972250386F000197F7D /* AuthenticationRouter.swift */; };
		4D01B9752503873C00197F7D /* AuthenticationViewController.swift in Sources */ = {isa = PBXBuildFile; fileRef = 4D01B9742503873C00197F7D /* AuthenticationViewController.swift */; };
		4D01B9772503877300197F7D /* AuthenticationPresenter.swift in Sources */ = {isa = PBXBuildFile; fileRef = 4D01B9762503877300197F7D /* AuthenticationPresenter.swift */; };
		4D01B9792503877E00197F7D /* AuthnticationInteractor.swift in Sources */ = {isa = PBXBuildFile; fileRef = 4D01B9782503877E00197F7D /* AuthnticationInteractor.swift */; };
		4D01B97E2503A82D00197F7D /* AuthenticationService.swift in Sources */ = {isa = PBXBuildFile; fileRef = 4D01B97D2503A82D00197F7D /* AuthenticationService.swift */; };
		4D01B9802503AC6A00197F7D /* UINavigationControllerExtensions.swift in Sources */ = {isa = PBXBuildFile; fileRef = 4D01B97F2503AC6A00197F7D /* UINavigationControllerExtensions.swift */; };
		4D01B9822503AFD800197F7D /* HomeInteractor.swift in Sources */ = {isa = PBXBuildFile; fileRef = 4D01B9812503AFD800197F7D /* HomeInteractor.swift */; };
		4D8F3B7D2503E5740034719E /* ToastSwiftFramework.framework in Frameworks */ = {isa = PBXBuildFile; fileRef = 4D8F3B7C2503E5740034719E /* ToastSwiftFramework.framework */; };
		4D8F3B7E2503E5740034719E /* ToastSwiftFramework.framework in Embed Frameworks */ = {isa = PBXBuildFile; fileRef = 4D8F3B7C2503E5740034719E /* ToastSwiftFramework.framework */; settings = {ATTRIBUTES = (CodeSignOnCopy, RemoveHeadersOnCopy, ); }; };
		4D8F3B802504E86C0034719E /* CountryListTableViewCell.swift in Sources */ = {isa = PBXBuildFile; fileRef = 4D8F3B7F2504E86C0034719E /* CountryListTableViewCell.swift */; };
		4DCA1EBB25002C3700067E94 /* AppDelegate.swift in Sources */ = {isa = PBXBuildFile; fileRef = 4DCA1EBA25002C3700067E94 /* AppDelegate.swift */; };
		4DCA1EBF25002C3700067E94 /* CountryListViewController.swift in Sources */ = {isa = PBXBuildFile; fileRef = 4DCA1EBE25002C3700067E94 /* CountryListViewController.swift */; };
		4DCA1EC525002C3700067E94 /* VIPERBoilerplate.xcdatamodeld in Sources */ = {isa = PBXBuildFile; fileRef = 4DCA1EC325002C3700067E94 /* VIPERBoilerplate.xcdatamodeld */; };
		4DCA1EC725002C3A00067E94 /* Assets.xcassets in Resources */ = {isa = PBXBuildFile; fileRef = 4DCA1EC625002C3A00067E94 /* Assets.xcassets */; };
		4DCA1ECA25002C3A00067E94 /* LaunchScreen.storyboard in Resources */ = {isa = PBXBuildFile; fileRef = 4DCA1EC825002C3A00067E94 /* LaunchScreen.storyboard */; };
		4DCA1ED525002C3B00067E94 /* VIPERBoilerplateTests.swift in Sources */ = {isa = PBXBuildFile; fileRef = 4DCA1ED425002C3B00067E94 /* VIPERBoilerplateTests.swift */; };
		4DCA1EE025002C3B00067E94 /* VIPERBoilerplateUITests.swift in Sources */ = {isa = PBXBuildFile; fileRef = 4DCA1EDF25002C3B00067E94 /* VIPERBoilerplateUITests.swift */; };
		4DCA1EF32500312800067E94 /* CountryListPresenter.swift in Sources */ = {isa = PBXBuildFile; fileRef = 4DCA1EF22500312800067E94 /* CountryListPresenter.swift */; };
		4DCA1EF52500313D00067E94 /* CountryListInteractor.swift in Sources */ = {isa = PBXBuildFile; fileRef = 4DCA1EF42500313D00067E94 /* CountryListInteractor.swift */; };
		4DCA1EF82500325100067E94 /* CountryListRouter.swift in Sources */ = {isa = PBXBuildFile; fileRef = 4DCA1EF72500325100067E94 /* CountryListRouter.swift */; };
/* End PBXBuildFile section */

/* Begin PBXContainerItemProxy section */
		4DCA1ED125002C3B00067E94 /* PBXContainerItemProxy */ = {
			isa = PBXContainerItemProxy;
			containerPortal = 4DCA1EAF25002C3700067E94 /* Project object */;
			proxyType = 1;
			remoteGlobalIDString = 4DCA1EB625002C3700067E94;
			remoteInfo = "VIPER-boilerplate";
		};
		4DCA1EDC25002C3B00067E94 /* PBXContainerItemProxy */ = {
			isa = PBXContainerItemProxy;
			containerPortal = 4DCA1EAF25002C3700067E94 /* Project object */;
			proxyType = 1;
			remoteGlobalIDString = 4DCA1EB625002C3700067E94;
			remoteInfo = "VIPER-boilerplate";
		};
/* End PBXContainerItemProxy section */

/* Begin PBXCopyFilesBuildPhase section */
		4D01B95625026AE900197F7D /* Embed Frameworks */ = {
			isa = PBXCopyFilesBuildPhase;
			buildActionMask = 2147483647;
			dstPath = "";
			dstSubfolderSpec = 10;
			files = (
				4D01B95D2502854F00197F7D /* Device.framework in Embed Frameworks */,
				4D8F3B7E2503E5740034719E /* ToastSwiftFramework.framework in Embed Frameworks */,
			);
			name = "Embed Frameworks";
			runOnlyForDeploymentPostprocessing = 0;
		};
/* End PBXCopyFilesBuildPhase section */

/* Begin PBXFileReference section */
		4D01B92E2500348D00197F7D /* Country.swift */ = {isa = PBXFileReference; lastKnownFileType = sourcecode.swift; path = Country.swift; sourceTree = "<group>"; };
		4D01B930250036F500197F7D /* CountryList.json */ = {isa = PBXFileReference; lastKnownFileType = text.json; path = CountryList.json; sourceTree = "<group>"; };
		4D01B9322500398500197F7D /* AppRouter.swift */ = {isa = PBXFileReference; lastKnownFileType = sourcecode.swift; path = AppRouter.swift; sourceTree = "<group>"; };
		4D01B93525003AAD00197F7D /* Base */ = {isa = PBXFileReference; lastKnownFileType = file.storyboard; name = Base; path = Base.lproj/Main.storyboard; sourceTree = "<group>"; };
		4D01B9392500F67B00197F7D /* Store.swift */ = {isa = PBXFileReference; lastKnownFileType = sourcecode.swift; path = Store.swift; sourceTree = "<group>"; };
		4D01B93C2500F8F300197F7D /* KeyValueLocalStorage.swift */ = {isa = PBXFileReference; lastKnownFileType = sourcecode.swift; path = KeyValueLocalStorage.swift; sourceTree = "<group>"; };
		4D01B93E2500F91E00197F7D /* CoreDataStorage.swift */ = {isa = PBXFileReference; lastKnownFileType = sourcecode.swift; path = CoreDataStorage.swift; sourceTree = "<group>"; };
		4D01B9402500FB4E00197F7D /* KeychainStorage.swift */ = {isa = PBXFileReference; lastKnownFileType = sourcecode.swift; path = KeychainStorage.swift; sourceTree = "<group>"; };
		4D01B9442500FF6800197F7D /* NSUserDefaultsStorage.swift */ = {isa = PBXFileReference; lastKnownFileType = sourcecode.swift; path = NSUserDefaultsStorage.swift; sourceTree = "<group>"; };
		4D01B94725011ED600197F7D /* DataExtensions.swift */ = {isa = PBXFileReference; lastKnownFileType = sourcecode.swift; path = DataExtensions.swift; sourceTree = "<group>"; };
		4D01B94B2501863D00197F7D /* AppKey.swift */ = {isa = PBXFileReference; lastKnownFileType = sourcecode.swift; path = AppKey.swift; sourceTree = "<group>"; };
		4D01B95725027C2F00197F7D /* DBLocalStorage.swift */ = {isa = PBXFileReference; lastKnownFileType = sourcecode.swift; path = DBLocalStorage.swift; sourceTree = "<group>"; };
		4D01B95B2502854F00197F7D /* Device.framework */ = {isa = PBXFileReference; lastKnownFileType = wrapper.framework; name = Device.framework; path = Carthage/Build/iOS/Device.framework; sourceTree = "<group>"; };
		4D01B95E2502875900197F7D /* DeviceInfoViewController.swift */ = {isa = PBXFileReference; lastKnownFileType = sourcecode.swift; path = DeviceInfoViewController.swift; sourceTree = "<group>"; };
		4D01B961250287AF00197F7D /* DeviceInfoPresenter.swift */ = {isa = PBXFileReference; lastKnownFileType = sourcecode.swift; path = DeviceInfoPresenter.swift; sourceTree = "<group>"; };
		4D01B963250287BF00197F7D /* DeviceInfoInteractor.swift */ = {isa = PBXFileReference; lastKnownFileType = sourcecode.swift; path = DeviceInfoInteractor.swift; sourceTree = "<group>"; };
		4D01B9652502883200197F7D /* HomeRouter.swift */ = {isa = PBXFileReference; lastKnownFileType = sourcecode.swift; path = HomeRouter.swift; sourceTree = "<group>"; };
		4D01B9682502886300197F7D /* DeviceInfoRouter.swift */ = {isa = PBXFileReference; lastKnownFileType = sourcecode.swift; path = DeviceInfoRouter.swift; sourceTree = "<group>"; };
		4D01B96A250288B800197F7D /* HomeViewController.swift */ = {isa = PBXFileReference; lastKnownFileType = sourcecode.swift; path = HomeViewController.swift; sourceTree = "<group>"; };
		4D01B96C2502893100197F7D /* HomePresenter.swift */ = {isa = PBXFileReference; lastKnownFileType = sourcecode.swift; path = HomePresenter.swift; sourceTree = "<group>"; };
		4D01B972250386F000197F7D /* AuthenticationRouter.swift */ = {isa = PBXFileReference; lastKnownFileType = sourcecode.swift; path = AuthenticationRouter.swift; sourceTree = "<group>"; };
		4D01B9742503873C00197F7D /* AuthenticationViewController.swift */ = {isa = PBXFileReference; lastKnownFileType = sourcecode.swift; path = AuthenticationViewController.swift; sourceTree = "<group>"; };
		4D01B9762503877300197F7D /* AuthenticationPresenter.swift */ = {isa = PBXFileReference; lastKnownFileType = sourcecode.swift; path = AuthenticationPresenter.swift; sourceTree = "<group>"; };
		4D01B9782503877E00197F7D /* AuthnticationInteractor.swift */ = {isa = PBXFileReference; lastKnownFileType = sourcecode.swift; path = AuthnticationInteractor.swift; sourceTree = "<group>"; };
		4D01B97D2503A82D00197F7D /* AuthenticationService.swift */ = {isa = PBXFileReference; lastKnownFileType = sourcecode.swift; path = AuthenticationService.swift; sourceTree = "<group>"; };
		4D01B97F2503AC6A00197F7D /* UINavigationControllerExtensions.swift */ = {isa = PBXFileReference; lastKnownFileType = sourcecode.swift; path = UINavigationControllerExtensions.swift; sourceTree = "<group>"; };
		4D01B9812503AFD800197F7D /* HomeInteractor.swift */ = {isa = PBXFileReference; lastKnownFileType = sourcecode.swift; path = HomeInteractor.swift; sourceTree = "<group>"; };
		4D8F3B7C2503E5740034719E /* ToastSwiftFramework.framework */ = {isa = PBXFileReference; lastKnownFileType = wrapper.framework; name = ToastSwiftFramework.framework; path = Carthage/Build/iOS/ToastSwiftFramework.framework; sourceTree = "<group>"; };
		4D8F3B7F2504E86C0034719E /* CountryListTableViewCell.swift */ = {isa = PBXFileReference; lastKnownFileType = sourcecode.swift; path = CountryListTableViewCell.swift; sourceTree = "<group>"; };
		4DCA1EB725002C3700067E94 /* VIPERBoilerplate.app */ = {isa = PBXFileReference; explicitFileType = wrapper.application; includeInIndex = 0; path = VIPERBoilerplate.app; sourceTree = BUILT_PRODUCTS_DIR; };
		4DCA1EBA25002C3700067E94 /* AppDelegate.swift */ = {isa = PBXFileReference; lastKnownFileType = sourcecode.swift; path = AppDelegate.swift; sourceTree = "<group>"; };
		4DCA1EBE25002C3700067E94 /* CountryListViewController.swift */ = {isa = PBXFileReference; lastKnownFileType = sourcecode.swift; path = CountryListViewController.swift; sourceTree = "<group>"; };
		4DCA1EC425002C3700067E94 /* VIPER_boilerplate.xcdatamodel */ = {isa = PBXFileReference; lastKnownFileType = wrapper.xcdatamodel; path = VIPER_boilerplate.xcdatamodel; sourceTree = "<group>"; };
		4DCA1EC625002C3A00067E94 /* Assets.xcassets */ = {isa = PBXFileReference; lastKnownFileType = folder.assetcatalog; path = Assets.xcassets; sourceTree = "<group>"; };
		4DCA1EC925002C3A00067E94 /* Base */ = {isa = PBXFileReference; lastKnownFileType = file.storyboard; name = Base; path = Base.lproj/LaunchScreen.storyboard; sourceTree = "<group>"; };
		4DCA1ECB25002C3A00067E94 /* Info.plist */ = {isa = PBXFileReference; lastKnownFileType = text.plist.xml; path = Info.plist; sourceTree = "<group>"; };
		4DCA1ED025002C3B00067E94 /* VIPERBoilerplateTests.xctest */ = {isa = PBXFileReference; explicitFileType = wrapper.cfbundle; includeInIndex = 0; path = VIPERBoilerplateTests.xctest; sourceTree = BUILT_PRODUCTS_DIR; };
		4DCA1ED425002C3B00067E94 /* VIPERBoilerplateTests.swift */ = {isa = PBXFileReference; lastKnownFileType = sourcecode.swift; path = VIPERBoilerplateTests.swift; sourceTree = "<group>"; };
		4DCA1ED625002C3B00067E94 /* Info.plist */ = {isa = PBXFileReference; lastKnownFileType = text.plist.xml; path = Info.plist; sourceTree = "<group>"; };
		4DCA1EDB25002C3B00067E94 /* VIPERBoilerplateUITests.xctest */ = {isa = PBXFileReference; explicitFileType = wrapper.cfbundle; includeInIndex = 0; path = VIPERBoilerplateUITests.xctest; sourceTree = BUILT_PRODUCTS_DIR; };
		4DCA1EDF25002C3B00067E94 /* VIPERBoilerplateUITests.swift */ = {isa = PBXFileReference; lastKnownFileType = sourcecode.swift; path = VIPERBoilerplateUITests.swift; sourceTree = "<group>"; };
		4DCA1EE125002C3B00067E94 /* Info.plist */ = {isa = PBXFileReference; lastKnownFileType = text.plist.xml; path = Info.plist; sourceTree = "<group>"; };
		4DCA1EF22500312800067E94 /* CountryListPresenter.swift */ = {isa = PBXFileReference; lastKnownFileType = sourcecode.swift; path = CountryListPresenter.swift; sourceTree = "<group>"; };
		4DCA1EF42500313D00067E94 /* CountryListInteractor.swift */ = {isa = PBXFileReference; lastKnownFileType = sourcecode.swift; path = CountryListInteractor.swift; sourceTree = "<group>"; };
		4DCA1EF72500325100067E94 /* CountryListRouter.swift */ = {isa = PBXFileReference; lastKnownFileType = sourcecode.swift; path = CountryListRouter.swift; sourceTree = "<group>"; };
/* End PBXFileReference section */

/* Begin PBXFrameworksBuildPhase section */
		4DCA1EB425002C3700067E94 /* Frameworks */ = {
			isa = PBXFrameworksBuildPhase;
			buildActionMask = 2147483647;
			files = (
				4D01B95C2502854F00197F7D /* Device.framework in Frameworks */,
				4D8F3B7D2503E5740034719E /* ToastSwiftFramework.framework in Frameworks */,
			);
			runOnlyForDeploymentPostprocessing = 0;
		};
		4DCA1ECD25002C3B00067E94 /* Frameworks */ = {
			isa = PBXFrameworksBuildPhase;
			buildActionMask = 2147483647;
			files = (
			);
			runOnlyForDeploymentPostprocessing = 0;
		};
		4DCA1ED825002C3B00067E94 /* Frameworks */ = {
			isa = PBXFrameworksBuildPhase;
			buildActionMask = 2147483647;
			files = (
			);
			runOnlyForDeploymentPostprocessing = 0;
		};
/* End PBXFrameworksBuildPhase section */

/* Begin PBXGroup section */
		4D01B93B2500F8D000197F7D /* Storage */ = {
			isa = PBXGroup;
			children = (
				4D01B9392500F67B00197F7D /* Store.swift */,
				4D01B9592502801A00197F7D /* KeyValueLocalStorage */,
				4D01B95A2502802C00197F7D /* DBLocalStorage */,
			);
			path = Storage;
			sourceTree = "<group>";
		};
		4D01B94625011EC800197F7D /* Extensions */ = {
			isa = PBXGroup;
			children = (
				4D01B94725011ED600197F7D /* DataExtensions.swift */,
				4D01B97F2503AC6A00197F7D /* UINavigationControllerExtensions.swift */,
			);
			path = Extensions;
			sourceTree = "<group>";
		};
		4D01B9592502801A00197F7D /* KeyValueLocalStorage */ = {
			isa = PBXGroup;
			children = (
				4D01B94B2501863D00197F7D /* AppKey.swift */,
				4D01B93C2500F8F300197F7D /* KeyValueLocalStorage.swift */,
				4D01B9442500FF6800197F7D /* NSUserDefaultsStorage.swift */,
				4D01B9402500FB4E00197F7D /* KeychainStorage.swift */,
			);
			path = KeyValueLocalStorage;
			sourceTree = "<group>";
		};
		4D01B95A2502802C00197F7D /* DBLocalStorage */ = {
			isa = PBXGroup;
			children = (
				4D01B95725027C2F00197F7D /* DBLocalStorage.swift */,
				4D01B93E2500F91E00197F7D /* CoreDataStorage.swift */,
				4DCA1EC325002C3700067E94 /* VIPERBoilerplate.xcdatamodeld */,
			);
			path = DBLocalStorage;
			sourceTree = "<group>";
		};
		4D01B9602502879100197F7D /* DeviceInfo */ = {
			isa = PBXGroup;
			children = (
				4D01B9682502886300197F7D /* DeviceInfoRouter.swift */,
				4D01B963250287BF00197F7D /* DeviceInfoInteractor.swift */,
				4D01B961250287AF00197F7D /* DeviceInfoPresenter.swift */,
				4D01B95E2502875900197F7D /* DeviceInfoViewController.swift */,
			);
			path = DeviceInfo;
			sourceTree = "<group>";
		};
		4D01B9672502883800197F7D /* Home */ = {
			isa = PBXGroup;
			children = (
				4D01B9652502883200197F7D /* HomeRouter.swift */,
				4D01B9812503AFD800197F7D /* HomeInteractor.swift */,
				4D01B96C2502893100197F7D /* HomePresenter.swift */,
				4D01B96A250288B800197F7D /* HomeViewController.swift */,
			);
			path = Home;
			sourceTree = "<group>";
		};
		4D01B971250386D300197F7D /* Authentication */ = {
			isa = PBXGroup;
			children = (
				4D01B97D2503A82D00197F7D /* AuthenticationService.swift */,
				4D01B972250386F000197F7D /* AuthenticationRouter.swift */,
				4D01B9782503877E00197F7D /* AuthnticationInteractor.swift */,
				4D01B9762503877300197F7D /* AuthenticationPresenter.swift */,
				4D01B9742503873C00197F7D /* AuthenticationViewController.swift */,
			);
			path = Authentication;
			sourceTree = "<group>";
		};
		4DCA1EAE25002C3700067E94 = {
			isa = PBXGroup;
			children = (
				4DCA1EB925002C3700067E94 /* VIPERBoilerplate */,
				4DCA1ED325002C3B00067E94 /* VIPERBoilerplateTests */,
				4DCA1EDE25002C3B00067E94 /* VIPERBoilerplateUITests */,
				4DCA1EB825002C3700067E94 /* Products */,
				4DCA1EED2500301900067E94 /* Frameworks */,
			);
			sourceTree = "<group>";
		};
		4DCA1EB825002C3700067E94 /* Products */ = {
			isa = PBXGroup;
			children = (
				4DCA1EB725002C3700067E94 /* VIPERBoilerplate.app */,
				4DCA1ED025002C3B00067E94 /* VIPERBoilerplateTests.xctest */,
				4DCA1EDB25002C3B00067E94 /* VIPERBoilerplateUITests.xctest */,
			);
			name = Products;
			sourceTree = "<group>";
		};
		4DCA1EB925002C3700067E94 /* VIPERBoilerplate */ = {
			isa = PBXGroup;
			children = (
				4DCA1EBA25002C3700067E94 /* AppDelegate.swift */,
				4D01B9322500398500197F7D /* AppRouter.swift */,
				4D01B971250386D300197F7D /* Authentication */,
				4D01B9672502883800197F7D /* Home */,
				4D01B9602502879100197F7D /* DeviceInfo */,
				4DCA1EF6250031EA00067E94 /* CountryList */,
				4D01B93B2500F8D000197F7D /* Storage */,
				4D01B94625011EC800197F7D /* Extensions */,
				4DCA1EC625002C3A00067E94 /* Assets.xcassets */,
				4DCA1EC825002C3A00067E94 /* LaunchScreen.storyboard */,
				4D01B93425003AAD00197F7D /* Main.storyboard */,
				4DCA1ECB25002C3A00067E94 /* Info.plist */,
			);
			path = VIPERBoilerplate;
			sourceTree = "<group>";
		};
		4DCA1ED325002C3B00067E94 /* VIPERBoilerplateTests */ = {
			isa = PBXGroup;
			children = (
				4DCA1ED425002C3B00067E94 /* VIPERBoilerplateTests.swift */,
				4DCA1ED625002C3B00067E94 /* Info.plist */,
			);
			path = VIPERBoilerplateTests;
			sourceTree = "<group>";
		};
		4DCA1EDE25002C3B00067E94 /* VIPERBoilerplateUITests */ = {
			isa = PBXGroup;
			children = (
				4DCA1EDF25002C3B00067E94 /* VIPERBoilerplateUITests.swift */,
				4DCA1EE125002C3B00067E94 /* Info.plist */,
			);
			path = VIPERBoilerplateUITests;
			sourceTree = "<group>";
		};
		4DCA1EED2500301900067E94 /* Frameworks */ = {
			isa = PBXGroup;
			children = (
				4D8F3B7C2503E5740034719E /* ToastSwiftFramework.framework */,
				4D01B95B2502854F00197F7D /* Device.framework */,
			);
			name = Frameworks;
			sourceTree = "<group>";
		};
		4DCA1EF6250031EA00067E94 /* CountryList */ = {
			isa = PBXGroup;
			children = (
				4D01B930250036F500197F7D /* CountryList.json */,
				4D01B92E2500348D00197F7D /* Country.swift */,
				4DCA1EF72500325100067E94 /* CountryListRouter.swift */,
				4DCA1EF42500313D00067E94 /* CountryListInteractor.swift */,
				4DCA1EF22500312800067E94 /* CountryListPresenter.swift */,
				4DCA1EBE25002C3700067E94 /* CountryListViewController.swift */,
				4D8F3B7F2504E86C0034719E /* CountryListTableViewCell.swift */,
			);
			path = CountryList;
			sourceTree = "<group>";
		};
/* End PBXGroup section */

/* Begin PBXNativeTarget section */
		4DCA1EB625002C3700067E94 /* VIPERBoilerplate */ = {
			isa = PBXNativeTarget;
			buildConfigurationList = 4DCA1EE425002C3B00067E94 /* Build configuration list for PBXNativeTarget "VIPERBoilerplate" */;
			buildPhases = (
				4DCA1EB325002C3700067E94 /* Sources */,
				4DCA1EB425002C3700067E94 /* Frameworks */,
				4DCA1EB525002C3700067E94 /* Resources */,
				4D01B94D2502497400197F7D /* ShellScript */,
				4D01B9702502B22F00197F7D /* ShellScript */,
				4D01B95625026AE900197F7D /* Embed Frameworks */,
			);
			buildRules = (
			);
			dependencies = (
			);
			name = VIPERBoilerplate;
			productName = "VIPER-boilerplate";
			productReference = 4DCA1EB725002C3700067E94 /* VIPERBoilerplate.app */;
			productType = "com.apple.product-type.application";
		};
		4DCA1ECF25002C3B00067E94 /* VIPERBoilerplateTests */ = {
			isa = PBXNativeTarget;
			buildConfigurationList = 4DCA1EE725002C3B00067E94 /* Build configuration list for PBXNativeTarget "VIPERBoilerplateTests" */;
			buildPhases = (
				4DCA1ECC25002C3B00067E94 /* Sources */,
				4DCA1ECD25002C3B00067E94 /* Frameworks */,
				4DCA1ECE25002C3B00067E94 /* Resources */,
			);
			buildRules = (
			);
			dependencies = (
				4DCA1ED225002C3B00067E94 /* PBXTargetDependency */,
			);
			name = VIPERBoilerplateTests;
			productName = "VIPER-boilerplateTests";
			productReference = 4DCA1ED025002C3B00067E94 /* VIPERBoilerplateTests.xctest */;
			productType = "com.apple.product-type.bundle.unit-test";
		};
		4DCA1EDA25002C3B00067E94 /* VIPERBoilerplateUITests */ = {
			isa = PBXNativeTarget;
			buildConfigurationList = 4DCA1EEA25002C3B00067E94 /* Build configuration list for PBXNativeTarget "VIPERBoilerplateUITests" */;
			buildPhases = (
				4DCA1ED725002C3B00067E94 /* Sources */,
				4DCA1ED825002C3B00067E94 /* Frameworks */,
				4DCA1ED925002C3B00067E94 /* Resources */,
			);
			buildRules = (
			);
			dependencies = (
				4DCA1EDD25002C3B00067E94 /* PBXTargetDependency */,
			);
			name = VIPERBoilerplateUITests;
			productName = "VIPER-boilerplateUITests";
			productReference = 4DCA1EDB25002C3B00067E94 /* VIPERBoilerplateUITests.xctest */;
			productType = "com.apple.product-type.bundle.ui-testing";
		};
/* End PBXNativeTarget section */

/* Begin PBXProject section */
		4DCA1EAF25002C3700067E94 /* Project object */ = {
			isa = PBXProject;
			attributes = {
				LastSwiftUpdateCheck = 1170;
				LastUpgradeCheck = 1170;
				ORGANIZATIONNAME = "Inês Martins";
				TargetAttributes = {
					4DCA1EB625002C3700067E94 = {
						CreatedOnToolsVersion = 11.7;
					};
					4DCA1ECF25002C3B00067E94 = {
						CreatedOnToolsVersion = 11.7;
						TestTargetID = 4DCA1EB625002C3700067E94;
					};
					4DCA1EDA25002C3B00067E94 = {
						CreatedOnToolsVersion = 11.7;
						TestTargetID = 4DCA1EB625002C3700067E94;
					};
				};
			};
			buildConfigurationList = 4DCA1EB225002C3700067E94 /* Build configuration list for PBXProject "VIPERBoilerplate" */;
			compatibilityVersion = "Xcode 9.3";
			developmentRegion = en;
			hasScannedForEncodings = 0;
			knownRegions = (
				en,
				Base,
			);
			mainGroup = 4DCA1EAE25002C3700067E94;
			productRefGroup = 4DCA1EB825002C3700067E94 /* Products */;
			projectDirPath = "";
			projectRoot = "";
			targets = (
				4DCA1EB625002C3700067E94 /* VIPERBoilerplate */,
				4DCA1ECF25002C3B00067E94 /* VIPERBoilerplateTests */,
				4DCA1EDA25002C3B00067E94 /* VIPERBoilerplateUITests */,
			);
		};
/* End PBXProject section */

/* Begin PBXResourcesBuildPhase section */
		4DCA1EB525002C3700067E94 /* Resources */ = {
			isa = PBXResourcesBuildPhase;
			buildActionMask = 2147483647;
			files = (
				4D01B931250036F500197F7D /* CountryList.json in Resources */,
				4DCA1ECA25002C3A00067E94 /* LaunchScreen.storyboard in Resources */,
				4DCA1EC725002C3A00067E94 /* Assets.xcassets in Resources */,
				4D01B93625003AAD00197F7D /* Main.storyboard in Resources */,
			);
			runOnlyForDeploymentPostprocessing = 0;
		};
		4DCA1ECE25002C3B00067E94 /* Resources */ = {
			isa = PBXResourcesBuildPhase;
			buildActionMask = 2147483647;
			files = (
			);
			runOnlyForDeploymentPostprocessing = 0;
		};
		4DCA1ED925002C3B00067E94 /* Resources */ = {
			isa = PBXResourcesBuildPhase;
			buildActionMask = 2147483647;
			files = (
			);
			runOnlyForDeploymentPostprocessing = 0;
		};
/* End PBXResourcesBuildPhase section */

/* Begin PBXShellScriptBuildPhase section */
		4D01B94D2502497400197F7D /* ShellScript */ = {
			isa = PBXShellScriptBuildPhase;
			buildActionMask = 2147483647;
			files = (
			);
			inputFileListPaths = (
			);
			inputPaths = (
			);
			outputFileListPaths = (
			);
			outputPaths = (
			);
			runOnlyForDeploymentPostprocessing = 0;
			shellPath = /bin/sh;
			shellScript = "if which swiftlint >/dev/null; then\n  swiftlint\nelse\n  echo \"warning: SwiftLint not installed, download from https://github.com/realm/SwiftLint\"\nfi\n";
		};
		4D01B9702502B22F00197F7D /* ShellScript */ = {
			isa = PBXShellScriptBuildPhase;
			buildActionMask = 2147483647;
			files = (
			);
			inputFileListPaths = (
			);
			inputPaths = (
			);
			outputFileListPaths = (
			);
			outputPaths = (
			);
			runOnlyForDeploymentPostprocessing = 0;
			shellPath = /bin/sh;
			shellScript = "/usr/local/bin/carthage copy-frameworks\n";
		};
/* End PBXShellScriptBuildPhase section */

/* Begin PBXSourcesBuildPhase section */
		4DCA1EB325002C3700067E94 /* Sources */ = {
			isa = PBXSourcesBuildPhase;
			buildActionMask = 2147483647;
			files = (
				4D01B92F2500348D00197F7D /* Country.swift in Sources */,
				4D01B964250287BF00197F7D /* DeviceInfoInteractor.swift in Sources */,
				4D01B973250386F000197F7D /* AuthenticationRouter.swift in Sources */,
				4D01B9822503AFD800197F7D /* HomeInteractor.swift in Sources */,
				4D01B96D2502893100197F7D /* HomePresenter.swift in Sources */,
				4D01B93D2500F8F300197F7D /* KeyValueLocalStorage.swift in Sources */,
				4DCA1EBF25002C3700067E94 /* CountryListViewController.swift in Sources */,
				4DCA1EBB25002C3700067E94 /* AppDelegate.swift in Sources */,
				4D01B9772503877300197F7D /* AuthenticationPresenter.swift in Sources */,
				4DCA1EF52500313D00067E94 /* CountryListInteractor.swift in Sources */,
				4D01B9792503877E00197F7D /* AuthnticationInteractor.swift in Sources */,
				4D01B95F2502875900197F7D /* DeviceInfoViewController.swift in Sources */,
				4D01B96B250288B800197F7D /* HomeViewController.swift in Sources */,
				4D01B962250287AF00197F7D /* DeviceInfoPresenter.swift in Sources */,
				4D01B9412500FB4E00197F7D /* KeychainStorage.swift in Sources */,
				4D01B9662502883200197F7D /* HomeRouter.swift in Sources */,
				4D01B97E2503A82D00197F7D /* AuthenticationService.swift in Sources */,
				4DCA1EF82500325100067E94 /* CountryListRouter.swift in Sources */,
				4D01B9452500FF6800197F7D /* NSUserDefaultsStorage.swift in Sources */,
				4D01B93A2500F67B00197F7D /* Store.swift in Sources */,
				4D01B93F2500F91E00197F7D /* CoreDataStorage.swift in Sources */,
				4D01B9802503AC6A00197F7D /* UINavigationControllerExtensions.swift in Sources */,
				4D01B94C2501863D00197F7D /* AppKey.swift in Sources */,
				4D8F3B802504E86C0034719E /* CountryListTableViewCell.swift in Sources */,
				4DCA1EC525002C3700067E94 /* VIPERBoilerplate.xcdatamodeld in Sources */,
				4D01B94825011ED600197F7D /* DataExtensions.swift in Sources */,
				4D01B9692502886300197F7D /* DeviceInfoRouter.swift in Sources */,
				4DCA1EF32500312800067E94 /* CountryListPresenter.swift in Sources */,
				4D01B9752503873C00197F7D /* AuthenticationViewController.swift in Sources */,
				4D01B95825027C2F00197F7D /* DBLocalStorage.swift in Sources */,
				4D01B9332500398500197F7D /* AppRouter.swift in Sources */,
			);
			runOnlyForDeploymentPostprocessing = 0;
		};
		4DCA1ECC25002C3B00067E94 /* Sources */ = {
			isa = PBXSourcesBuildPhase;
			buildActionMask = 2147483647;
			files = (
				4DCA1ED525002C3B00067E94 /* VIPERBoilerplateTests.swift in Sources */,
			);
			runOnlyForDeploymentPostprocessing = 0;
		};
		4DCA1ED725002C3B00067E94 /* Sources */ = {
			isa = PBXSourcesBuildPhase;
			buildActionMask = 2147483647;
			files = (
				4DCA1EE025002C3B00067E94 /* VIPERBoilerplateUITests.swift in Sources */,
			);
			runOnlyForDeploymentPostprocessing = 0;
		};
/* End PBXSourcesBuildPhase section */

/* Begin PBXTargetDependency section */
		4DCA1ED225002C3B00067E94 /* PBXTargetDependency */ = {
			isa = PBXTargetDependency;
			target = 4DCA1EB625002C3700067E94 /* VIPERBoilerplate */;
			targetProxy = 4DCA1ED125002C3B00067E94 /* PBXContainerItemProxy */;
		};
		4DCA1EDD25002C3B00067E94 /* PBXTargetDependency */ = {
			isa = PBXTargetDependency;
			target = 4DCA1EB625002C3700067E94 /* VIPERBoilerplate */;
			targetProxy = 4DCA1EDC25002C3B00067E94 /* PBXContainerItemProxy */;
		};
/* End PBXTargetDependency section */

/* Begin PBXVariantGroup section */
		4D01B93425003AAD00197F7D /* Main.storyboard */ = {
			isa = PBXVariantGroup;
			children = (
				4D01B93525003AAD00197F7D /* Base */,
			);
			name = Main.storyboard;
			sourceTree = "<group>";
		};
		4DCA1EC825002C3A00067E94 /* LaunchScreen.storyboard */ = {
			isa = PBXVariantGroup;
			children = (
				4DCA1EC925002C3A00067E94 /* Base */,
			);
			name = LaunchScreen.storyboard;
			sourceTree = "<group>";
		};
/* End PBXVariantGroup section */

/* Begin XCBuildConfiguration section */
		4DCA1EE225002C3B00067E94 /* Debug */ = {
			isa = XCBuildConfiguration;
			buildSettings = {
				ALWAYS_SEARCH_USER_PATHS = NO;
				CLANG_ANALYZER_NONNULL = YES;
				CLANG_ANALYZER_NUMBER_OBJECT_CONVERSION = YES_AGGRESSIVE;
				CLANG_CXX_LANGUAGE_STANDARD = "gnu++14";
				CLANG_CXX_LIBRARY = "libc++";
				CLANG_ENABLE_MODULES = YES;
				CLANG_ENABLE_OBJC_ARC = YES;
				CLANG_ENABLE_OBJC_WEAK = YES;
				CLANG_WARN_BLOCK_CAPTURE_AUTORELEASING = YES;
				CLANG_WARN_BOOL_CONVERSION = YES;
				CLANG_WARN_COMMA = YES;
				CLANG_WARN_CONSTANT_CONVERSION = YES;
				CLANG_WARN_DEPRECATED_OBJC_IMPLEMENTATIONS = YES;
				CLANG_WARN_DIRECT_OBJC_ISA_USAGE = YES_ERROR;
				CLANG_WARN_DOCUMENTATION_COMMENTS = YES;
				CLANG_WARN_EMPTY_BODY = YES;
				CLANG_WARN_ENUM_CONVERSION = YES;
				CLANG_WARN_INFINITE_RECURSION = YES;
				CLANG_WARN_INT_CONVERSION = YES;
				CLANG_WARN_NON_LITERAL_NULL_CONVERSION = YES;
				CLANG_WARN_OBJC_IMPLICIT_RETAIN_SELF = YES;
				CLANG_WARN_OBJC_LITERAL_CONVERSION = YES;
				CLANG_WARN_OBJC_ROOT_CLASS = YES_ERROR;
				CLANG_WARN_RANGE_LOOP_ANALYSIS = YES;
				CLANG_WARN_STRICT_PROTOTYPES = YES;
				CLANG_WARN_SUSPICIOUS_MOVE = YES;
				CLANG_WARN_UNGUARDED_AVAILABILITY = YES_AGGRESSIVE;
				CLANG_WARN_UNREACHABLE_CODE = YES;
				CLANG_WARN__DUPLICATE_METHOD_MATCH = YES;
				COPY_PHASE_STRIP = NO;
				DEBUG_INFORMATION_FORMAT = dwarf;
				ENABLE_STRICT_OBJC_MSGSEND = YES;
				ENABLE_TESTABILITY = YES;
				GCC_C_LANGUAGE_STANDARD = gnu11;
				GCC_DYNAMIC_NO_PIC = NO;
				GCC_NO_COMMON_BLOCKS = YES;
				GCC_OPTIMIZATION_LEVEL = 0;
				GCC_PREPROCESSOR_DEFINITIONS = (
					"DEBUG=1",
					"$(inherited)",
				);
				GCC_WARN_64_TO_32_BIT_CONVERSION = YES;
				GCC_WARN_ABOUT_RETURN_TYPE = YES_ERROR;
				GCC_WARN_UNDECLARED_SELECTOR = YES;
				GCC_WARN_UNINITIALIZED_AUTOS = YES_AGGRESSIVE;
				GCC_WARN_UNUSED_FUNCTION = YES;
				GCC_WARN_UNUSED_VARIABLE = YES;
				IPHONEOS_DEPLOYMENT_TARGET = 13.7;
				MTL_ENABLE_DEBUG_INFO = INCLUDE_SOURCE;
				MTL_FAST_MATH = YES;
				ONLY_ACTIVE_ARCH = YES;
				SDKROOT = iphoneos;
				SWIFT_ACTIVE_COMPILATION_CONDITIONS = DEBUG;
				SWIFT_OPTIMIZATION_LEVEL = "-Onone";
			};
			name = Debug;
		};
		4DCA1EE325002C3B00067E94 /* Release */ = {
			isa = XCBuildConfiguration;
			buildSettings = {
				ALWAYS_SEARCH_USER_PATHS = NO;
				CLANG_ANALYZER_NONNULL = YES;
				CLANG_ANALYZER_NUMBER_OBJECT_CONVERSION = YES_AGGRESSIVE;
				CLANG_CXX_LANGUAGE_STANDARD = "gnu++14";
				CLANG_CXX_LIBRARY = "libc++";
				CLANG_ENABLE_MODULES = YES;
				CLANG_ENABLE_OBJC_ARC = YES;
				CLANG_ENABLE_OBJC_WEAK = YES;
				CLANG_WARN_BLOCK_CAPTURE_AUTORELEASING = YES;
				CLANG_WARN_BOOL_CONVERSION = YES;
				CLANG_WARN_COMMA = YES;
				CLANG_WARN_CONSTANT_CONVERSION = YES;
				CLANG_WARN_DEPRECATED_OBJC_IMPLEMENTATIONS = YES;
				CLANG_WARN_DIRECT_OBJC_ISA_USAGE = YES_ERROR;
				CLANG_WARN_DOCUMENTATION_COMMENTS = YES;
				CLANG_WARN_EMPTY_BODY = YES;
				CLANG_WARN_ENUM_CONVERSION = YES;
				CLANG_WARN_INFINITE_RECURSION = YES;
				CLANG_WARN_INT_CONVERSION = YES;
				CLANG_WARN_NON_LITERAL_NULL_CONVERSION = YES;
				CLANG_WARN_OBJC_IMPLICIT_RETAIN_SELF = YES;
				CLANG_WARN_OBJC_LITERAL_CONVERSION = YES;
				CLANG_WARN_OBJC_ROOT_CLASS = YES_ERROR;
				CLANG_WARN_RANGE_LOOP_ANALYSIS = YES;
				CLANG_WARN_STRICT_PROTOTYPES = YES;
				CLANG_WARN_SUSPICIOUS_MOVE = YES;
				CLANG_WARN_UNGUARDED_AVAILABILITY = YES_AGGRESSIVE;
				CLANG_WARN_UNREACHABLE_CODE = YES;
				CLANG_WARN__DUPLICATE_METHOD_MATCH = YES;
				COPY_PHASE_STRIP = NO;
				DEBUG_INFORMATION_FORMAT = "dwarf-with-dsym";
				ENABLE_NS_ASSERTIONS = NO;
				ENABLE_STRICT_OBJC_MSGSEND = YES;
				GCC_C_LANGUAGE_STANDARD = gnu11;
				GCC_NO_COMMON_BLOCKS = YES;
				GCC_WARN_64_TO_32_BIT_CONVERSION = YES;
				GCC_WARN_ABOUT_RETURN_TYPE = YES_ERROR;
				GCC_WARN_UNDECLARED_SELECTOR = YES;
				GCC_WARN_UNINITIALIZED_AUTOS = YES_AGGRESSIVE;
				GCC_WARN_UNUSED_FUNCTION = YES;
				GCC_WARN_UNUSED_VARIABLE = YES;
				IPHONEOS_DEPLOYMENT_TARGET = 13.7;
				MTL_ENABLE_DEBUG_INFO = NO;
				MTL_FAST_MATH = YES;
				SDKROOT = iphoneos;
				SWIFT_COMPILATION_MODE = wholemodule;
				SWIFT_OPTIMIZATION_LEVEL = "-O";
				VALIDATE_PRODUCT = YES;
			};
			name = Release;
		};
		4DCA1EE525002C3B00067E94 /* Debug */ = {
			isa = XCBuildConfiguration;
			buildSettings = {
				ASSETCATALOG_COMPILER_APPICON_NAME = AppIcon;
				CODE_SIGN_STYLE = Automatic;
				DEVELOPMENT_TEAM = QGU4993R96;
				FRAMEWORK_SEARCH_PATHS = (
					"$(inherited)",
					"$(PROJECT_DIR)/Carthage/Build/iOS",
				);
				INFOPLIST_FILE = VIPERBoilerplate/Info.plist;
				LD_RUNPATH_SEARCH_PATHS = (
					"$(inherited)",
					"@executable_path/Frameworks",
				);
				PRODUCT_BUNDLE_IDENTIFIER = inesmartins.VIPERBoilerplate;
				PRODUCT_NAME = "$(TARGET_NAME)";
				SWIFT_VERSION = 5.0;
				TARGETED_DEVICE_FAMILY = "1,2";
			};
			name = Debug;
		};
		4DCA1EE625002C3B00067E94 /* Release */ = {
			isa = XCBuildConfiguration;
			buildSettings = {
				ASSETCATALOG_COMPILER_APPICON_NAME = AppIcon;
				CODE_SIGN_STYLE = Automatic;
				DEVELOPMENT_TEAM = QGU4993R96;
				FRAMEWORK_SEARCH_PATHS = (
					"$(inherited)",
					"$(PROJECT_DIR)/Carthage/Build/iOS",
				);
				INFOPLIST_FILE = VIPERBoilerplate/Info.plist;
				LD_RUNPATH_SEARCH_PATHS = (
					"$(inherited)",
					"@executable_path/Frameworks",
				);
				PRODUCT_BUNDLE_IDENTIFIER = inesmartins.VIPERBoilerplate;
				PRODUCT_NAME = "$(TARGET_NAME)";
				SWIFT_VERSION = 5.0;
				TARGETED_DEVICE_FAMILY = "1,2";
			};
			name = Release;
		};
		4DCA1EE825002C3B00067E94 /* Debug */ = {
			isa = XCBuildConfiguration;
			buildSettings = {
				ALWAYS_EMBED_SWIFT_STANDARD_LIBRARIES = YES;
				BUNDLE_LOADER = "$(TEST_HOST)";
				CODE_SIGN_STYLE = Automatic;
				DEVELOPMENT_TEAM = QGU4993R96;
				INFOPLIST_FILE = VIPERBoilerplateTests/Info.plist;
				IPHONEOS_DEPLOYMENT_TARGET = 13.7;
				LD_RUNPATH_SEARCH_PATHS = (
					"$(inherited)",
					"@executable_path/Frameworks",
					"@loader_path/Frameworks",
				);
				PRODUCT_BUNDLE_IDENTIFIER = inesmartins.VIPERBoilerplateTests;
				PRODUCT_NAME = "$(TARGET_NAME)";
				SWIFT_VERSION = 5.0;
				TARGETED_DEVICE_FAMILY = "1,2";
				TEST_HOST = "$(BUILT_PRODUCTS_DIR)/VIPERBoilerplate.app/VIPERBoilerplate";
			};
			name = Debug;
		};
		4DCA1EE925002C3B00067E94 /* Release */ = {
			isa = XCBuildConfiguration;
			buildSettings = {
				ALWAYS_EMBED_SWIFT_STANDARD_LIBRARIES = YES;
				BUNDLE_LOADER = "$(TEST_HOST)";
				CODE_SIGN_STYLE = Automatic;
				DEVELOPMENT_TEAM = QGU4993R96;
				INFOPLIST_FILE = VIPERBoilerplateTests/Info.plist;
				IPHONEOS_DEPLOYMENT_TARGET = 13.7;
				LD_RUNPATH_SEARCH_PATHS = (
					"$(inherited)",
					"@executable_path/Frameworks",
					"@loader_path/Frameworks",
				);
				PRODUCT_BUNDLE_IDENTIFIER = inesmartins.VIPERBoilerplateTests;
				PRODUCT_NAME = "$(TARGET_NAME)";
				SWIFT_VERSION = 5.0;
				TARGETED_DEVICE_FAMILY = "1,2";
				TEST_HOST = "$(BUILT_PRODUCTS_DIR)/VIPERBoilerplate.app/VIPERBoilerplate";
			};
			name = Release;
		};
		4DCA1EEB25002C3B00067E94 /* Debug */ = {
			isa = XCBuildConfiguration;
			buildSettings = {
				ALWAYS_EMBED_SWIFT_STANDARD_LIBRARIES = YES;
				CODE_SIGN_STYLE = Automatic;
				DEVELOPMENT_TEAM = QGU4993R96;
				INFOPLIST_FILE = VIPERBoilerplateUITests/Info.plist;
				LD_RUNPATH_SEARCH_PATHS = (
					"$(inherited)",
					"@executable_path/Frameworks",
					"@loader_path/Frameworks",
				);
				PRODUCT_BUNDLE_IDENTIFIER = inesmartins.VIPERBoilerplateUITests;
				PRODUCT_NAME = "$(TARGET_NAME)";
				SWIFT_VERSION = 5.0;
				TARGETED_DEVICE_FAMILY = "1,2";
				TEST_TARGET_NAME = "VIPER-boilerplate";
			};
			name = Debug;
		};
		4DCA1EEC25002C3B00067E94 /* Release */ = {
			isa = XCBuildConfiguration;
			buildSettings = {
				ALWAYS_EMBED_SWIFT_STANDARD_LIBRARIES = YES;
				CODE_SIGN_STYLE = Automatic;
				DEVELOPMENT_TEAM = QGU4993R96;
				INFOPLIST_FILE = VIPERBoilerplateUITests/Info.plist;
				LD_RUNPATH_SEARCH_PATHS = (
					"$(inherited)",
					"@executable_path/Frameworks",
					"@loader_path/Frameworks",
				);
				PRODUCT_BUNDLE_IDENTIFIER = inesmartins.VIPERBoilerplateUITests;
				PRODUCT_NAME = "$(TARGET_NAME)";
				SWIFT_VERSION = 5.0;
				TARGETED_DEVICE_FAMILY = "1,2";
				TEST_TARGET_NAME = "VIPER-boilerplate";
			};
			name = Release;
		};
/* End XCBuildConfiguration section */

/* Begin XCConfigurationList section */
		4DCA1EB225002C3700067E94 /* Build configuration list for PBXProject "VIPERBoilerplate" */ = {
			isa = XCConfigurationList;
			buildConfigurations = (
				4DCA1EE225002C3B00067E94 /* Debug */,
				4DCA1EE325002C3B00067E94 /* Release */,
			);
			defaultConfigurationIsVisible = 0;
			defaultConfigurationName = Release;
		};
		4DCA1EE425002C3B00067E94 /* Build configuration list for PBXNativeTarget "VIPERBoilerplate" */ = {
			isa = XCConfigurationList;
			buildConfigurations = (
				4DCA1EE525002C3B00067E94 /* Debug */,
				4DCA1EE625002C3B00067E94 /* Release */,
			);
			defaultConfigurationIsVisible = 0;
			defaultConfigurationName = Release;
		};
		4DCA1EE725002C3B00067E94 /* Build configuration list for PBXNativeTarget "VIPERBoilerplateTests" */ = {
			isa = XCConfigurationList;
			buildConfigurations = (
				4DCA1EE825002C3B00067E94 /* Debug */,
				4DCA1EE925002C3B00067E94 /* Release */,
			);
			defaultConfigurationIsVisible = 0;
			defaultConfigurationName = Release;
		};
		4DCA1EEA25002C3B00067E94 /* Build configuration list for PBXNativeTarget "VIPERBoilerplateUITests" */ = {
			isa = XCConfigurationList;
			buildConfigurations = (
				4DCA1EEB25002C3B00067E94 /* Debug */,
				4DCA1EEC25002C3B00067E94 /* Release */,
			);
			defaultConfigurationIsVisible = 0;
			defaultConfigurationName = Release;
		};
/* End XCConfigurationList section */

/* Begin XCVersionGroup section */
		4DCA1EC325002C3700067E94 /* VIPERBoilerplate.xcdatamodeld */ = {
			isa = XCVersionGroup;
			children = (
				4DCA1EC425002C3700067E94 /* VIPER_boilerplate.xcdatamodel */,
			);
			currentVersion = 4DCA1EC425002C3700067E94 /* VIPER_boilerplate.xcdatamodel */;
			path = VIPERBoilerplate.xcdatamodeld;
			sourceTree = "<group>";
			versionGroupType = wrapper.xcdatamodel;
		};
/* End XCVersionGroup section */
	};
	rootObject = 4DCA1EAF25002C3700067E94 /* Project object */;
}
